
Microsoft Visual Studio Solution File, Format Version 12.00
# Visual Studio 15
VisualStudioVersion = 15.0.28307.1231
MinimumVisualStudioVersion = 10.0.40219.1
Project("{FAE04EC0-301F-11D3-BF4B-00C04F79EFBC}") = "UrunTakip", "UrunTakip\UrunTakip.csproj", "{51E1C449-9053-441D-960B-3D206528FB59}"
EndProject
Global
	GlobalSection(SolutionConfigurationPlatforms) = preSolution
		Debug|Any CPU = Debug|Any CPU
		Release|Any CPU = Release|Any CPU
	EndGlobalSection
	GlobalSection(ProjectConfigurationPlatforms) = postSolution
		{51E1C449-9053-441D-960B-3D206528FB59}.Debug|Any CPU.ActiveCfg = Debug|Any CPU
		{51E1C449-9053-441D-960B-3D206528FB59}.Debug|Any CPU.Build.0 = Debug|Any CPU
		{51E1C449-9053-441D-960B-3D206528FB59}.Release|Any CPU.ActiveCfg = Release|Any CPU
		{51E1C449-9053-441D-960B-3D206528FB59}.Release|Any CPU.Build.0 = Release|Any CPU
	EndGlobalSection
	GlobalSection(SolutionProperties) = preSolution
		HideSolutionNode = FALSE
	EndGlobalSection
	GlobalSection(ExtensibilityGlobals) = postSolution
		SolutionGuid = {1EF23EA9-27EB-40CD-936C-547BFE360478}
	EndGlobalSection
EndGlobal
